
Microsoft Visual Studio Solution File, Format Version 12.00
# Visual Studio 15
VisualStudioVersion = 15.0.28010.2048
MinimumVisualStudioVersion = 10.0.40219.1
Project("{FAE04EC0-301F-11D3-BF4B-00C04F79EFBC}") = "GermaniBot", "GermaniBot\GermaniBot.csproj", "{7017EAF3-2DD1-4FE8-B91B-7C3BC9BC6C92}"
EndProject
Project("{2150E333-8FDC-42A3-9474-1A3956D46DE8}") = "Solution Items", "Solution Items", "{94A8CAEB-DE01-426C-A7A5-82CAB5A5283D}"
EndProject
Global
	GlobalSection(SolutionConfigurationPlatforms) = preSolution
		Debug|Any CPU = Debug|Any CPU
		Release|Any CPU = Release|Any CPU
	EndGlobalSection
	GlobalSection(ProjectConfigurationPlatforms) = postSolution
		{7017EAF3-2DD1-4FE8-B91B-7C3BC9BC6C92}.Debug|Any CPU.ActiveCfg = Debug|Any CPU
		{7017EAF3-2DD1-4FE8-B91B-7C3BC9BC6C92}.Debug|Any CPU.Build.0 = Debug|Any CPU
		{7017EAF3-2DD1-4FE8-B91B-7C3BC9BC6C92}.Release|Any CPU.ActiveCfg = Release|Any CPU
		{7017EAF3-2DD1-4FE8-B91B-7C3BC9BC6C92}.Release|Any CPU.Build.0 = Release|Any CPU
	EndGlobalSection
	GlobalSection(SolutionProperties) = preSolution
		HideSolutionNode = FALSE
	EndGlobalSection
	GlobalSection(ExtensibilityGlobals) = postSolution
		SolutionGuid = {C91CF0BE-0871-4704-8056-905DC9B4E481}
	EndGlobalSection
EndGlobal
